
Microsoft Visual Studio Solution File, Format Version 12.00
# Visual Studio Version 17
VisualStudioVersion = 17.0.31912.275
MinimumVisualStudioVersion = 10.0.40219.1
Project("{9A19103F-16F7-4668-BE54-9A1E7A4F7556}") = "Landlord.Data", "Landlord.Data\Landlord.Data.csproj", "{2933091A-EA85-4D0D-84EA-33CF25943CE2}"
	ProjectSection(ProjectDependencies) = postProject
		{2F7C14D5-870B-441E-ACCE-505C4F8A76F0} = {2F7C14D5-870B-441E-ACCE-505C4F8A76F0}
	EndProjectSection
EndProject
Project("{9A19103F-16F7-4668-BE54-9A1E7A4F7556}") = "Landlord.Domain", "Landlord.Domain\Landlord.Domain.csproj", "{2F7C14D5-870B-441E-ACCE-505C4F8A76F0}"
EndProject
Project("{9A19103F-16F7-4668-BE54-9A1E7A4F7556}") = "Landlord.Client", "Landlord.Client\Landlord.Client.csproj", "{60C96CA6-3A3F-4BF1-B9A9-5EC5D779743F}"
EndProject
Project("{9A19103F-16F7-4668-BE54-9A1E7A4F7556}") = "Landlord.Application", "Landlord.Application\Landlord.Application.csproj", "{0036F3CB-F534-4432-A46F-249FFE40920D}"
EndProject
Global
	GlobalSection(SolutionConfigurationPlatforms) = preSolution
		Debug|Any CPU = Debug|Any CPU
		Release|Any CPU = Release|Any CPU
	EndGlobalSection
	GlobalSection(ProjectConfigurationPlatforms) = postSolution
		{2933091A-EA85-4D0D-84EA-33CF25943CE2}.Debug|Any CPU.ActiveCfg = Debug|Any CPU
		{2933091A-EA85-4D0D-84EA-33CF25943CE2}.Debug|Any CPU.Build.0 = Debug|Any CPU
		{2933091A-EA85-4D0D-84EA-33CF25943CE2}.Release|Any CPU.ActiveCfg = Release|Any CPU
		{2933091A-EA85-4D0D-84EA-33CF25943CE2}.Release|Any CPU.Build.0 = Release|Any CPU
		{2F7C14D5-870B-441E-ACCE-505C4F8A76F0}.Debug|Any CPU.ActiveCfg = Debug|Any CPU
		{2F7C14D5-870B-441E-ACCE-505C4F8A76F0}.Debug|Any CPU.Build.0 = Debug|Any CPU
		{2F7C14D5-870B-441E-ACCE-505C4F8A76F0}.Release|Any CPU.ActiveCfg = Release|Any CPU
		{2F7C14D5-870B-441E-ACCE-505C4F8A76F0}.Release|Any CPU.Build.0 = Release|Any CPU
		{60C96CA6-3A3F-4BF1-B9A9-5EC5D779743F}.Debug|Any CPU.ActiveCfg = Debug|Any CPU
		{60C96CA6-3A3F-4BF1-B9A9-5EC5D779743F}.Debug|Any CPU.Build.0 = Debug|Any CPU
		{60C96CA6-3A3F-4BF1-B9A9-5EC5D779743F}.Release|Any CPU.ActiveCfg = Release|Any CPU
		{60C96CA6-3A3F-4BF1-B9A9-5EC5D779743F}.Release|Any CPU.Build.0 = Release|Any CPU
		{0036F3CB-F534-4432-A46F-249FFE40920D}.Debug|Any CPU.ActiveCfg = Debug|Any CPU
		{0036F3CB-F534-4432-A46F-249FFE40920D}.Debug|Any CPU.Build.0 = Debug|Any CPU
		{0036F3CB-F534-4432-A46F-249FFE40920D}.Release|Any CPU.ActiveCfg = Release|Any CPU
		{0036F3CB-F534-4432-A46F-249FFE40920D}.Release|Any CPU.Build.0 = Release|Any CPU
	EndGlobalSection
	GlobalSection(SolutionProperties) = preSolution
		HideSolutionNode = FALSE
	EndGlobalSection
	GlobalSection(ExtensibilityGlobals) = postSolution
		SolutionGuid = {627B6A0F-E66B-49B2-BF80-954EE81F2E4B}
	EndGlobalSection
EndGlobal
